
Microsoft Visual Studio Solution File, Format Version 12.00
Project("{FAE04EC0-301F-11D3-BF4B-00C04F79EFBC}") = "task1", "task1\task1.csproj", "{C6F3D78E-9A3B-4C38-A8B4-369634B0CFDA}"
EndProject
Project("{FAE04EC0-301F-11D3-BF4B-00C04F79EFBC}") = "task1.Tests", "task1.Tests\task1.Tests.csproj", "{3631F8CD-C1D7-4AC2-8C49-2D69CE7526F8}"
EndProject
Project("{FAE04EC0-301F-11D3-BF4B-00C04F79EFBC}") = "task2", "task2\task2.csproj", "{E618385A-7F7D-404E-B096-8E855AB296F6}"
EndProject
Project("{FAE04EC0-301F-11D3-BF4B-00C04F79EFBC}") = "task2.Tests", "task2.Tests\task2.Tests.csproj", "{3245B33D-466C-4072-BE90-53B86B784DE4}"
EndProject
Project("{FAE04EC0-301F-11D3-BF4B-00C04F79EFBC}") = "task3", "task3\task3.csproj", "{006210A1-41C4-450F-9A12-A1C247DF812C}"
EndProject
Project("{FAE04EC0-301F-11D3-BF4B-00C04F79EFBC}") = "task4", "task4\task4.csproj", "{E343E5F6-D9E8-48CE-B2C1-CFC1322740EF}"
EndProject
Project("{FAE04EC0-301F-11D3-BF4B-00C04F79EFBC}") = "task4.Tests", "task4.Tests\task4.Tests.csproj", "{CBFDD868-D44A-4B82-A0AB-1D1923BFCC59}"
EndProject
Project("{FAE04EC0-301F-11D3-BF4B-00C04F79EFBC}") = "task5", "task5\task5.csproj", "{85EC15FE-1877-4AF3-906A-16D9A050311E}"
EndProject
Project("{FAE04EC0-301F-11D3-BF4B-00C04F79EFBC}") = "task6", "task6\task6.csproj", "{D9862DAE-D633-499B-89C4-8D0510D60E6E}"
EndProject
Project("{FAE04EC0-301F-11D3-BF4B-00C04F79EFBC}") = "task6.Tests", "task6.Tests\task6.Tests.csproj", "{F42BF2B5-9FB1-49CC-8E7F-D666019B2FCF}"
EndProject
Project("{FAE04EC0-301F-11D3-BF4B-00C04F79EFBC}") = "task7", "task7\task7.csproj", "{7E62D6BA-F8A6-4657-9383-170EB1D6FF6D}"
EndProject
Global
	GlobalSection(SolutionConfigurationPlatforms) = preSolution
		Debug|Any CPU = Debug|Any CPU
		Release|Any CPU = Release|Any CPU
	EndGlobalSection
	GlobalSection(ProjectConfigurationPlatforms) = postSolution
		{C6F3D78E-9A3B-4C38-A8B4-369634B0CFDA}.Debug|Any CPU.ActiveCfg = Debug|Any CPU
		{C6F3D78E-9A3B-4C38-A8B4-369634B0CFDA}.Debug|Any CPU.Build.0 = Debug|Any CPU
		{C6F3D78E-9A3B-4C38-A8B4-369634B0CFDA}.Release|Any CPU.ActiveCfg = Release|Any CPU
		{C6F3D78E-9A3B-4C38-A8B4-369634B0CFDA}.Release|Any CPU.Build.0 = Release|Any CPU
		{3631F8CD-C1D7-4AC2-8C49-2D69CE7526F8}.Debug|Any CPU.ActiveCfg = Debug|Any CPU
		{3631F8CD-C1D7-4AC2-8C49-2D69CE7526F8}.Debug|Any CPU.Build.0 = Debug|Any CPU
		{3631F8CD-C1D7-4AC2-8C49-2D69CE7526F8}.Release|Any CPU.ActiveCfg = Release|Any CPU
		{3631F8CD-C1D7-4AC2-8C49-2D69CE7526F8}.Release|Any CPU.Build.0 = Release|Any CPU
		{E618385A-7F7D-404E-B096-8E855AB296F6}.Debug|Any CPU.ActiveCfg = Debug|Any CPU
		{E618385A-7F7D-404E-B096-8E855AB296F6}.Debug|Any CPU.Build.0 = Debug|Any CPU
		{E618385A-7F7D-404E-B096-8E855AB296F6}.Release|Any CPU.ActiveCfg = Release|Any CPU
		{E618385A-7F7D-404E-B096-8E855AB296F6}.Release|Any CPU.Build.0 = Release|Any CPU
		{3245B33D-466C-4072-BE90-53B86B784DE4}.Debug|Any CPU.ActiveCfg = Debug|Any CPU
		{3245B33D-466C-4072-BE90-53B86B784DE4}.Debug|Any CPU.Build.0 = Debug|Any CPU
		{3245B33D-466C-4072-BE90-53B86B784DE4}.Release|Any CPU.ActiveCfg = Release|Any CPU
		{3245B33D-466C-4072-BE90-53B86B784DE4}.Release|Any CPU.Build.0 = Release|Any CPU
		{006210A1-41C4-450F-9A12-A1C247DF812C}.Debug|Any CPU.ActiveCfg = Debug|Any CPU
		{006210A1-41C4-450F-9A12-A1C247DF812C}.Debug|Any CPU.Build.0 = Debug|Any CPU
		{006210A1-41C4-450F-9A12-A1C247DF812C}.Release|Any CPU.ActiveCfg = Release|Any CPU
		{006210A1-41C4-450F-9A12-A1C247DF812C}.Release|Any CPU.Build.0 = Release|Any CPU
		{E343E5F6-D9E8-48CE-B2C1-CFC1322740EF}.Debug|Any CPU.ActiveCfg = Debug|Any CPU
		{E343E5F6-D9E8-48CE-B2C1-CFC1322740EF}.Debug|Any CPU.Build.0 = Debug|Any CPU
		{E343E5F6-D9E8-48CE-B2C1-CFC1322740EF}.Release|Any CPU.ActiveCfg = Release|Any CPU
		{E343E5F6-D9E8-48CE-B2C1-CFC1322740EF}.Release|Any CPU.Build.0 = Release|Any CPU
		{CBFDD868-D44A-4B82-A0AB-1D1923BFCC59}.Debug|Any CPU.ActiveCfg = Debug|Any CPU
		{CBFDD868-D44A-4B82-A0AB-1D1923BFCC59}.Debug|Any CPU.Build.0 = Debug|Any CPU
		{CBFDD868-D44A-4B82-A0AB-1D1923BFCC59}.Release|Any CPU.ActiveCfg = Release|Any CPU
		{CBFDD868-D44A-4B82-A0AB-1D1923BFCC59}.Release|Any CPU.Build.0 = Release|Any CPU
		{85EC15FE-1877-4AF3-906A-16D9A050311E}.Debug|Any CPU.ActiveCfg = Debug|Any CPU
		{85EC15FE-1877-4AF3-906A-16D9A050311E}.Debug|Any CPU.Build.0 = Debug|Any CPU
		{85EC15FE-1877-4AF3-906A-16D9A050311E}.Release|Any CPU.ActiveCfg = Release|Any CPU
		{85EC15FE-1877-4AF3-906A-16D9A050311E}.Release|Any CPU.Build.0 = Release|Any CPU
		{D9862DAE-D633-499B-89C4-8D0510D60E6E}.Debug|Any CPU.ActiveCfg = Debug|Any CPU
		{D9862DAE-D633-499B-89C4-8D0510D60E6E}.Debug|Any CPU.Build.0 = Debug|Any CPU
		{D9862DAE-D633-499B-89C4-8D0510D60E6E}.Release|Any CPU.ActiveCfg = Release|Any CPU
		{D9862DAE-D633-499B-89C4-8D0510D60E6E}.Release|Any CPU.Build.0 = Release|Any CPU
		{F42BF2B5-9FB1-49CC-8E7F-D666019B2FCF}.Debug|Any CPU.ActiveCfg = Debug|Any CPU
		{F42BF2B5-9FB1-49CC-8E7F-D666019B2FCF}.Debug|Any CPU.Build.0 = Debug|Any CPU
		{F42BF2B5-9FB1-49CC-8E7F-D666019B2FCF}.Release|Any CPU.ActiveCfg = Release|Any CPU
		{F42BF2B5-9FB1-49CC-8E7F-D666019B2FCF}.Release|Any CPU.Build.0 = Release|Any CPU
		{7E62D6BA-F8A6-4657-9383-170EB1D6FF6D}.Debug|Any CPU.ActiveCfg = Debug|Any CPU
		{7E62D6BA-F8A6-4657-9383-170EB1D6FF6D}.Debug|Any CPU.Build.0 = Debug|Any CPU
		{7E62D6BA-F8A6-4657-9383-170EB1D6FF6D}.Release|Any CPU.ActiveCfg = Release|Any CPU
		{7E62D6BA-F8A6-4657-9383-170EB1D6FF6D}.Release|Any CPU.Build.0 = Release|Any CPU
	EndGlobalSection
EndGlobal
